
Microsoft Visual Studio Solution File, Format Version 12.00
# Visual Studio Version 16
VisualStudioVersion = 16.0.30523.141
MinimumVisualStudioVersion = 10.0.40219.1
Project("{FAE04EC0-301F-11D3-BF4B-00C04F79EFBC}") = "RPN_Calculator", "RPN_Calculator\RPN_Calculator.csproj", "{8FB7BBA0-E541-4FA1-87A6-9549680AD502}"
EndProject
Project("{9A19103F-16F7-4668-BE54-9A1E7A4F7556}") = "RPN_Database", "RPN_Database\RPN_Database.csproj", "{A541AD68-E871-4C36-B0D2-8E3D621C0ED7}"
EndProject
Project("{FAE04EC0-301F-11D3-BF4B-00C04F79EFBC}") = "Application", "Application\Application.csproj", "{31D4ADD6-6FBA-4131-A5D8-2AA7D3A680D6}"
EndProject
Project("{FAE04EC0-301F-11D3-BF4B-00C04F79EFBC}") = "RPN_TcpServer", "RPN_TcpServer\RPN_TcpServer.csproj", "{6AE777D6-664D-484C-9FDB-1DDDF38B09D0}"
EndProject
Project("{FAE04EC0-301F-11D3-BF4B-00C04F79EFBC}") = "Client", "Client\Client.csproj", "{CC80DBFF-4941-49A9-820D-0D024D6E7868}"
EndProject
Project("{FAE04EC0-301F-11D3-BF4B-00C04F79EFBC}") = "RPN_Locale", "RPN_Locale\RPN_Locale.csproj", "{F1D64065-2F62-4A0D-9FDD-CA4D79B6B537}"
EndProject
Project("{FAE04EC0-301F-11D3-BF4B-00C04F79EFBC}") = "RPN_Tests", "RPN_Tests\RPN_Tests.csproj", "{A0EC5B87-687A-4073-86AE-3FC21B00C0EA}"
EndProject
Project("{FAE04EC0-301F-11D3-BF4B-00C04F79EFBC}") = "ServerClient", "ServerClient\ServerClient.csproj", "{72A00B69-84B9-45F0-BE98-5CA20F7336B2}"
EndProject
Global
	GlobalSection(SolutionConfigurationPlatforms) = preSolution
		Debug|Any CPU = Debug|Any CPU
		Release|Any CPU = Release|Any CPU
	EndGlobalSection
	GlobalSection(ProjectConfigurationPlatforms) = postSolution
		{8FB7BBA0-E541-4FA1-87A6-9549680AD502}.Debug|Any CPU.ActiveCfg = Debug|Any CPU
		{8FB7BBA0-E541-4FA1-87A6-9549680AD502}.Debug|Any CPU.Build.0 = Debug|Any CPU
		{8FB7BBA0-E541-4FA1-87A6-9549680AD502}.Release|Any CPU.ActiveCfg = Release|Any CPU
		{8FB7BBA0-E541-4FA1-87A6-9549680AD502}.Release|Any CPU.Build.0 = Release|Any CPU
		{A541AD68-E871-4C36-B0D2-8E3D621C0ED7}.Debug|Any CPU.ActiveCfg = Debug|Any CPU
		{A541AD68-E871-4C36-B0D2-8E3D621C0ED7}.Debug|Any CPU.Build.0 = Debug|Any CPU
		{A541AD68-E871-4C36-B0D2-8E3D621C0ED7}.Release|Any CPU.ActiveCfg = Release|Any CPU
		{A541AD68-E871-4C36-B0D2-8E3D621C0ED7}.Release|Any CPU.Build.0 = Release|Any CPU
		{31D4ADD6-6FBA-4131-A5D8-2AA7D3A680D6}.Debug|Any CPU.ActiveCfg = Debug|Any CPU
		{31D4ADD6-6FBA-4131-A5D8-2AA7D3A680D6}.Debug|Any CPU.Build.0 = Debug|Any CPU
		{31D4ADD6-6FBA-4131-A5D8-2AA7D3A680D6}.Release|Any CPU.ActiveCfg = Release|Any CPU
		{31D4ADD6-6FBA-4131-A5D8-2AA7D3A680D6}.Release|Any CPU.Build.0 = Release|Any CPU
		{6AE777D6-664D-484C-9FDB-1DDDF38B09D0}.Debug|Any CPU.ActiveCfg = Debug|Any CPU
		{6AE777D6-664D-484C-9FDB-1DDDF38B09D0}.Debug|Any CPU.Build.0 = Debug|Any CPU
		{6AE777D6-664D-484C-9FDB-1DDDF38B09D0}.Release|Any CPU.ActiveCfg = Release|Any CPU
		{6AE777D6-664D-484C-9FDB-1DDDF38B09D0}.Release|Any CPU.Build.0 = Release|Any CPU
		{CC80DBFF-4941-49A9-820D-0D024D6E7868}.Debug|Any CPU.ActiveCfg = Debug|Any CPU
		{CC80DBFF-4941-49A9-820D-0D024D6E7868}.Debug|Any CPU.Build.0 = Debug|Any CPU
		{CC80DBFF-4941-49A9-820D-0D024D6E7868}.Release|Any CPU.ActiveCfg = Release|Any CPU
		{CC80DBFF-4941-49A9-820D-0D024D6E7868}.Release|Any CPU.Build.0 = Release|Any CPU
		{F1D64065-2F62-4A0D-9FDD-CA4D79B6B537}.Debug|Any CPU.ActiveCfg = Debug|Any CPU
		{F1D64065-2F62-4A0D-9FDD-CA4D79B6B537}.Debug|Any CPU.Build.0 = Debug|Any CPU
		{F1D64065-2F62-4A0D-9FDD-CA4D79B6B537}.Release|Any CPU.ActiveCfg = Release|Any CPU
		{F1D64065-2F62-4A0D-9FDD-CA4D79B6B537}.Release|Any CPU.Build.0 = Release|Any CPU
		{A0EC5B87-687A-4073-86AE-3FC21B00C0EA}.Debug|Any CPU.ActiveCfg = Debug|Any CPU
		{A0EC5B87-687A-4073-86AE-3FC21B00C0EA}.Debug|Any CPU.Build.0 = Debug|Any CPU
		{A0EC5B87-687A-4073-86AE-3FC21B00C0EA}.Release|Any CPU.ActiveCfg = Release|Any CPU
		{A0EC5B87-687A-4073-86AE-3FC21B00C0EA}.Release|Any CPU.Build.0 = Release|Any CPU
		{72A00B69-84B9-45F0-BE98-5CA20F7336B2}.Debug|Any CPU.ActiveCfg = Debug|Any CPU
		{72A00B69-84B9-45F0-BE98-5CA20F7336B2}.Debug|Any CPU.Build.0 = Debug|Any CPU
		{72A00B69-84B9-45F0-BE98-5CA20F7336B2}.Release|Any CPU.ActiveCfg = Release|Any CPU
		{72A00B69-84B9-45F0-BE98-5CA20F7336B2}.Release|Any CPU.Build.0 = Release|Any CPU
	EndGlobalSection
	GlobalSection(SolutionProperties) = preSolution
		HideSolutionNode = FALSE
	EndGlobalSection
	GlobalSection(ExtensibilityGlobals) = postSolution
		SolutionGuid = {8D588CED-84A9-4190-AE5C-22A990265F8F}
	EndGlobalSection
EndGlobal
